
Microsoft Visual Studio Solution File, Format Version 11.00
# Visual Studio 2010
Project("{8BC9CEB8-8B4A-11D0-8D11-00A0C91BC942}") = "Helpers", "helpers\Helpers.vcxproj", "{B3612C81-3DC8-435A-A6A5-7935BF5FD60C}"
EndProject
Project("{8BC9CEB8-8B4A-11D0-8D11-00A0C91BC942}") = "MultiOneTimePasswordResyncCredentialProvider", "MultiOneTimePasswordResyncCredentialProvider\MultiOneTimePasswordResyncCredentialProvider.vcxproj", "{2DF895C3-D1B4-4632-8F76-F06670A0D311}"
EndProject
Project("{8BC9CEB8-8B4A-11D0-8D11-00A0C91BC942}") = "MultiOneTimePasswordCredentialProvider", "MultiOneTimePasswordCredentialProvider\MultiOneTimePasswordCredentialProvider.vcxproj", "{C2D61BA4-3FAA-4E42-8618-85A2EE4CCCBB}"
EndProject
Project("{8BC9CEB8-8B4A-11D0-8D11-00A0C91BC942}") = "MultiOneTimePasswordCredentialProviderFilter", "MultiOneTimePasswordCredentialProviderFilter\MultiOneTimePasswordCredentialProviderFilter.vcxproj", "{E8100BB4-E5F1-47D0-A4FD-4A8C70503D9F}"
EndProject
Project("{2150E333-8FDC-42A3-9474-1A3956D46DE8}") = "Solution Items", "Solution Items", "{702EF40A-4EA9-4927-B46F-A876B7DA17DF}"
	ProjectSection(SolutionItems) = preProject
		ApacheLicense.rtf = ApacheLicense.rtf
		ApacheLicense.txt = ApacheLicense.txt
		BUILD.TXT = BUILD.TXT
		README.TXT = README.TXT
	EndProjectSection
EndProject
Project("{54435603-DBB4-11D2-8724-00A0C9A8B90C}") = "MutiOneTimePasswordCredentialProviderSetup-x86", "MultiOneTimePasswordCredentialProviderSetup-x86\MutiOneTimePasswordCredentialProviderSetup-x86.vdproj", "{FF820379-B8A9-4604-81E8-A6022E519F41}"
EndProject
Project("{8BC9CEB8-8B4A-11D0-8D11-00A0C91BC942}") = "MultiOneTimePasswordExternalMultiOTPServerDLL", "MultiOneTimePasswordExternalMultiOTPServerDLL\MultiOneTimePasswordExternalMultiOTPServerDLL.vcxproj", "{BE441CC2-E0F6-4000-92EE-3ABC46BB9C6B}"
EndProject
Project("{FAE04EC0-301F-11D3-BF4B-00C04F79EFBC}") = "OTPClient", "OTPClient\OTPClient.csproj", "{6E3A1DAA-7EBF-4EA6-A73D-36C68989B699}"
EndProject
Project("{FAE04EC0-301F-11D3-BF4B-00C04F79EFBC}") = "OTPHelpers", "OTPHelpers\OTPHelpers.csproj", "{CF5D9B82-3B27-4E6E-8E19-440A023B65C2}"
EndProject
Project("{54435603-DBB4-11D2-8724-00A0C9A8B90C}") = "Setup-x64", "Setup-x64\Setup-x64.vdproj", "{BA19FE76-C3F5-4B25-B2C5-8854C1398BAF}"
EndProject
Global
	GlobalSection(SolutionConfigurationPlatforms) = preSolution
		Debug|Any CPU = Debug|Any CPU
		Debug|Mixed Platforms = Debug|Mixed Platforms
		Debug|Win32 = Debug|Win32
		Debug|x64 = Debug|x64
		Debug|x86 = Debug|x86
		Release English|Any CPU = Release English|Any CPU
		Release English|Mixed Platforms = Release English|Mixed Platforms
		Release English|Win32 = Release English|Win32
		Release English|x64 = Release English|x64
		Release English|x86 = Release English|x86
		Release German|Any CPU = Release German|Any CPU
		Release German|Mixed Platforms = Release German|Mixed Platforms
		Release German|Win32 = Release German|Win32
		Release German|x64 = Release German|x64
		Release German|x86 = Release German|x86
		Release|Any CPU = Release|Any CPU
		Release|Mixed Platforms = Release|Mixed Platforms
		Release|Win32 = Release|Win32
		Release|x64 = Release|x64
		Release|x86 = Release|x86
	EndGlobalSection
	GlobalSection(ProjectConfigurationPlatforms) = postSolution
		{B3612C81-3DC8-435A-A6A5-7935BF5FD60C}.Debug|Any CPU.ActiveCfg = Debug|x64
		{B3612C81-3DC8-435A-A6A5-7935BF5FD60C}.Debug|Mixed Platforms.ActiveCfg = Debug|x64
		{B3612C81-3DC8-435A-A6A5-7935BF5FD60C}.Debug|Mixed Platforms.Build.0 = Debug|x64
		{B3612C81-3DC8-435A-A6A5-7935BF5FD60C}.Debug|Win32.ActiveCfg = Debug|Win32
		{B3612C81-3DC8-435A-A6A5-7935BF5FD60C}.Debug|Win32.Build.0 = Debug|Win32
		{B3612C81-3DC8-435A-A6A5-7935BF5FD60C}.Debug|x64.ActiveCfg = Debug|x64
		{B3612C81-3DC8-435A-A6A5-7935BF5FD60C}.Debug|x64.Build.0 = Debug|x64
		{B3612C81-3DC8-435A-A6A5-7935BF5FD60C}.Debug|x86.ActiveCfg = Debug|x64
		{B3612C81-3DC8-435A-A6A5-7935BF5FD60C}.Release English|Any CPU.ActiveCfg = Release English|x64
		{B3612C81-3DC8-435A-A6A5-7935BF5FD60C}.Release English|Mixed Platforms.ActiveCfg = Release English|x64
		{B3612C81-3DC8-435A-A6A5-7935BF5FD60C}.Release English|Mixed Platforms.Build.0 = Release English|x64
		{B3612C81-3DC8-435A-A6A5-7935BF5FD60C}.Release English|Win32.ActiveCfg = Release English|Win32
		{B3612C81-3DC8-435A-A6A5-7935BF5FD60C}.Release English|Win32.Build.0 = Release English|Win32
		{B3612C81-3DC8-435A-A6A5-7935BF5FD60C}.Release English|x64.ActiveCfg = Release English|x64
		{B3612C81-3DC8-435A-A6A5-7935BF5FD60C}.Release English|x64.Build.0 = Release English|x64
		{B3612C81-3DC8-435A-A6A5-7935BF5FD60C}.Release English|x86.ActiveCfg = Release English|x64
		{B3612C81-3DC8-435A-A6A5-7935BF5FD60C}.Release German|Any CPU.ActiveCfg = Release English|x64
		{B3612C81-3DC8-435A-A6A5-7935BF5FD60C}.Release German|Mixed Platforms.ActiveCfg = Release English|x64
		{B3612C81-3DC8-435A-A6A5-7935BF5FD60C}.Release German|Mixed Platforms.Build.0 = Release English|x64
		{B3612C81-3DC8-435A-A6A5-7935BF5FD60C}.Release German|Win32.ActiveCfg = Release|Win32
		{B3612C81-3DC8-435A-A6A5-7935BF5FD60C}.Release German|Win32.Build.0 = Release|Win32
		{B3612C81-3DC8-435A-A6A5-7935BF5FD60C}.Release German|x64.ActiveCfg = Release|x64
		{B3612C81-3DC8-435A-A6A5-7935BF5FD60C}.Release German|x64.Build.0 = Release|x64
		{B3612C81-3DC8-435A-A6A5-7935BF5FD60C}.Release German|x86.ActiveCfg = Release English|x64
		{B3612C81-3DC8-435A-A6A5-7935BF5FD60C}.Release|Any CPU.ActiveCfg = Release|x64
		{B3612C81-3DC8-435A-A6A5-7935BF5FD60C}.Release|Mixed Platforms.ActiveCfg = Release|x64
		{B3612C81-3DC8-435A-A6A5-7935BF5FD60C}.Release|Mixed Platforms.Build.0 = Release|x64
		{B3612C81-3DC8-435A-A6A5-7935BF5FD60C}.Release|Win32.ActiveCfg = Release|Win32
		{B3612C81-3DC8-435A-A6A5-7935BF5FD60C}.Release|Win32.Build.0 = Release|Win32
		{B3612C81-3DC8-435A-A6A5-7935BF5FD60C}.Release|x64.ActiveCfg = Release|x64
		{B3612C81-3DC8-435A-A6A5-7935BF5FD60C}.Release|x64.Build.0 = Release|x64
		{B3612C81-3DC8-435A-A6A5-7935BF5FD60C}.Release|x86.ActiveCfg = Release|x64
		{2DF895C3-D1B4-4632-8F76-F06670A0D311}.Debug|Any CPU.ActiveCfg = Debug|x64
		{2DF895C3-D1B4-4632-8F76-F06670A0D311}.Debug|Mixed Platforms.ActiveCfg = Debug|x64
		{2DF895C3-D1B4-4632-8F76-F06670A0D311}.Debug|Mixed Platforms.Build.0 = Debug|x64
		{2DF895C3-D1B4-4632-8F76-F06670A0D311}.Debug|Win32.ActiveCfg = Debug|Win32
		{2DF895C3-D1B4-4632-8F76-F06670A0D311}.Debug|Win32.Build.0 = Debug|Win32
		{2DF895C3-D1B4-4632-8F76-F06670A0D311}.Debug|x64.ActiveCfg = Debug|x64
		{2DF895C3-D1B4-4632-8F76-F06670A0D311}.Debug|x64.Build.0 = Debug|x64
		{2DF895C3-D1B4-4632-8F76-F06670A0D311}.Debug|x86.ActiveCfg = Debug|x64
		{2DF895C3-D1B4-4632-8F76-F06670A0D311}.Release English|Any CPU.ActiveCfg = Release English|x64
		{2DF895C3-D1B4-4632-8F76-F06670A0D311}.Release English|Mixed Platforms.ActiveCfg = Release English|x64
		{2DF895C3-D1B4-4632-8F76-F06670A0D311}.Release English|Mixed Platforms.Build.0 = Release English|x64
		{2DF895C3-D1B4-4632-8F76-F06670A0D311}.Release English|Win32.ActiveCfg = Release English|Win32
		{2DF895C3-D1B4-4632-8F76-F06670A0D311}.Release English|Win32.Build.0 = Release English|Win32
		{2DF895C3-D1B4-4632-8F76-F06670A0D311}.Release English|x64.ActiveCfg = Release English|x64
		{2DF895C3-D1B4-4632-8F76-F06670A0D311}.Release English|x64.Build.0 = Release English|x64
		{2DF895C3-D1B4-4632-8F76-F06670A0D311}.Release English|x86.ActiveCfg = Release English|x64
		{2DF895C3-D1B4-4632-8F76-F06670A0D311}.Release German|Any CPU.ActiveCfg = Release English|x64
		{2DF895C3-D1B4-4632-8F76-F06670A0D311}.Release German|Mixed Platforms.ActiveCfg = Release English|x64
		{2DF895C3-D1B4-4632-8F76-F06670A0D311}.Release German|Mixed Platforms.Build.0 = Release English|x64
		{2DF895C3-D1B4-4632-8F76-F06670A0D311}.Release German|Win32.ActiveCfg = Release|Win32
		{2DF895C3-D1B4-4632-8F76-F06670A0D311}.Release German|Win32.Build.0 = Release|Win32
		{2DF895C3-D1B4-4632-8F76-F06670A0D311}.Release German|x64.ActiveCfg = Release|x64
		{2DF895C3-D1B4-4632-8F76-F06670A0D311}.Release German|x64.Build.0 = Release|x64
		{2DF895C3-D1B4-4632-8F76-F06670A0D311}.Release German|x86.ActiveCfg = Release English|x64
		{2DF895C3-D1B4-4632-8F76-F06670A0D311}.Release|Any CPU.ActiveCfg = Release|x64
		{2DF895C3-D1B4-4632-8F76-F06670A0D311}.Release|Mixed Platforms.ActiveCfg = Release|x64
		{2DF895C3-D1B4-4632-8F76-F06670A0D311}.Release|Mixed Platforms.Build.0 = Release|x64
		{2DF895C3-D1B4-4632-8F76-F06670A0D311}.Release|Win32.ActiveCfg = Release|Win32
		{2DF895C3-D1B4-4632-8F76-F06670A0D311}.Release|Win32.Build.0 = Release|Win32
		{2DF895C3-D1B4-4632-8F76-F06670A0D311}.Release|x64.ActiveCfg = Release|x64
		{2DF895C3-D1B4-4632-8F76-F06670A0D311}.Release|x64.Build.0 = Release|x64
		{2DF895C3-D1B4-4632-8F76-F06670A0D311}.Release|x86.ActiveCfg = Release|x64
		{C2D61BA4-3FAA-4E42-8618-85A2EE4CCCBB}.Debug|Any CPU.ActiveCfg = Debug|x64
		{C2D61BA4-3FAA-4E42-8618-85A2EE4CCCBB}.Debug|Mixed Platforms.ActiveCfg = Debug|x64
		{C2D61BA4-3FAA-4E42-8618-85A2EE4CCCBB}.Debug|Mixed Platforms.Build.0 = Debug|x64
		{C2D61BA4-3FAA-4E42-8618-85A2EE4CCCBB}.Debug|Win32.ActiveCfg = Debug|Win32
		{C2D61BA4-3FAA-4E42-8618-85A2EE4CCCBB}.Debug|Win32.Build.0 = Debug|Win32
		{C2D61BA4-3FAA-4E42-8618-85A2EE4CCCBB}.Debug|x64.ActiveCfg = Debug|x64
		{C2D61BA4-3FAA-4E42-8618-85A2EE4CCCBB}.Debug|x64.Build.0 = Debug|x64
		{C2D61BA4-3FAA-4E42-8618-85A2EE4CCCBB}.Debug|x86.ActiveCfg = Debug|x64
		{C2D61BA4-3FAA-4E42-8618-85A2EE4CCCBB}.Release English|Any CPU.ActiveCfg = Release English|x64
		{C2D61BA4-3FAA-4E42-8618-85A2EE4CCCBB}.Release English|Mixed Platforms.ActiveCfg = Release English|x64
		{C2D61BA4-3FAA-4E42-8618-85A2EE4CCCBB}.Release English|Mixed Platforms.Build.0 = Release English|x64
		{C2D61BA4-3FAA-4E42-8618-85A2EE4CCCBB}.Release English|Win32.ActiveCfg = Release English|Win32
		{C2D61BA4-3FAA-4E42-8618-85A2EE4CCCBB}.Release English|Win32.Build.0 = Release English|Win32
		{C2D61BA4-3FAA-4E42-8618-85A2EE4CCCBB}.Release English|x64.ActiveCfg = Release English|x64
		{C2D61BA4-3FAA-4E42-8618-85A2EE4CCCBB}.Release English|x64.Build.0 = Release English|x64
		{C2D61BA4-3FAA-4E42-8618-85A2EE4CCCBB}.Release English|x86.ActiveCfg = Release English|x64
		{C2D61BA4-3FAA-4E42-8618-85A2EE4CCCBB}.Release German|Any CPU.ActiveCfg = Release English|x64
		{C2D61BA4-3FAA-4E42-8618-85A2EE4CCCBB}.Release German|Mixed Platforms.ActiveCfg = Release English|x64
		{C2D61BA4-3FAA-4E42-8618-85A2EE4CCCBB}.Release German|Mixed Platforms.Build.0 = Release English|x64
		{C2D61BA4-3FAA-4E42-8618-85A2EE4CCCBB}.Release German|Win32.ActiveCfg = Release|Win32
		{C2D61BA4-3FAA-4E42-8618-85A2EE4CCCBB}.Release German|Win32.Build.0 = Release|Win32
		{C2D61BA4-3FAA-4E42-8618-85A2EE4CCCBB}.Release German|x64.ActiveCfg = Release|x64
		{C2D61BA4-3FAA-4E42-8618-85A2EE4CCCBB}.Release German|x64.Build.0 = Release|x64
		{C2D61BA4-3FAA-4E42-8618-85A2EE4CCCBB}.Release German|x86.ActiveCfg = Release English|x64
		{C2D61BA4-3FAA-4E42-8618-85A2EE4CCCBB}.Release|Any CPU.ActiveCfg = Release|x64
		{C2D61BA4-3FAA-4E42-8618-85A2EE4CCCBB}.Release|Mixed Platforms.ActiveCfg = Release|x64
		{C2D61BA4-3FAA-4E42-8618-85A2EE4CCCBB}.Release|Mixed Platforms.Build.0 = Release|x64
		{C2D61BA4-3FAA-4E42-8618-85A2EE4CCCBB}.Release|Win32.ActiveCfg = Release|Win32
		{C2D61BA4-3FAA-4E42-8618-85A2EE4CCCBB}.Release|Win32.Build.0 = Release|Win32
		{C2D61BA4-3FAA-4E42-8618-85A2EE4CCCBB}.Release|x64.ActiveCfg = Release|x64
		{C2D61BA4-3FAA-4E42-8618-85A2EE4CCCBB}.Release|x64.Build.0 = Release|x64
		{C2D61BA4-3FAA-4E42-8618-85A2EE4CCCBB}.Release|x86.ActiveCfg = Release|x64
		{E8100BB4-E5F1-47D0-A4FD-4A8C70503D9F}.Debug|Any CPU.ActiveCfg = Debug|x64
		{E8100BB4-E5F1-47D0-A4FD-4A8C70503D9F}.Debug|Mixed Platforms.ActiveCfg = Debug|x64
		{E8100BB4-E5F1-47D0-A4FD-4A8C70503D9F}.Debug|Mixed Platforms.Build.0 = Debug|x64
		{E8100BB4-E5F1-47D0-A4FD-4A8C70503D9F}.Debug|Win32.ActiveCfg = Debug|Win32
		{E8100BB4-E5F1-47D0-A4FD-4A8C70503D9F}.Debug|Win32.Build.0 = Debug|Win32
		{E8100BB4-E5F1-47D0-A4FD-4A8C70503D9F}.Debug|x64.ActiveCfg = Debug|x64
		{E8100BB4-E5F1-47D0-A4FD-4A8C70503D9F}.Debug|x64.Build.0 = Debug|x64
		{E8100BB4-E5F1-47D0-A4FD-4A8C70503D9F}.Debug|x86.ActiveCfg = Debug|x64
		{E8100BB4-E5F1-47D0-A4FD-4A8C70503D9F}.Release English|Any CPU.ActiveCfg = Release English|x64
		{E8100BB4-E5F1-47D0-A4FD-4A8C70503D9F}.Release English|Mixed Platforms.ActiveCfg = Release English|x64
		{E8100BB4-E5F1-47D0-A4FD-4A8C70503D9F}.Release English|Mixed Platforms.Build.0 = Release English|x64
		{E8100BB4-E5F1-47D0-A4FD-4A8C70503D9F}.Release English|Win32.ActiveCfg = Release English|Win32
		{E8100BB4-E5F1-47D0-A4FD-4A8C70503D9F}.Release English|Win32.Build.0 = Release English|Win32
		{E8100BB4-E5F1-47D0-A4FD-4A8C70503D9F}.Release English|x64.ActiveCfg = Release English|x64
		{E8100BB4-E5F1-47D0-A4FD-4A8C70503D9F}.Release English|x64.Build.0 = Release English|x64
		{E8100BB4-E5F1-47D0-A4FD-4A8C70503D9F}.Release English|x86.ActiveCfg = Release English|x64
		{E8100BB4-E5F1-47D0-A4FD-4A8C70503D9F}.Release German|Any CPU.ActiveCfg = Release English|x64
		{E8100BB4-E5F1-47D0-A4FD-4A8C70503D9F}.Release German|Mixed Platforms.ActiveCfg = Release English|x64
		{E8100BB4-E5F1-47D0-A4FD-4A8C70503D9F}.Release German|Mixed Platforms.Build.0 = Release English|x64
		{E8100BB4-E5F1-47D0-A4FD-4A8C70503D9F}.Release German|Win32.ActiveCfg = Release|Win32
		{E8100BB4-E5F1-47D0-A4FD-4A8C70503D9F}.Release German|Win32.Build.0 = Release|Win32
		{E8100BB4-E5F1-47D0-A4FD-4A8C70503D9F}.Release German|x64.ActiveCfg = Release|x64
		{E8100BB4-E5F1-47D0-A4FD-4A8C70503D9F}.Release German|x64.Build.0 = Release|x64
		{E8100BB4-E5F1-47D0-A4FD-4A8C70503D9F}.Release German|x86.ActiveCfg = Release English|x64
		{E8100BB4-E5F1-47D0-A4FD-4A8C70503D9F}.Release|Any CPU.ActiveCfg = Release|x64
		{E8100BB4-E5F1-47D0-A4FD-4A8C70503D9F}.Release|Mixed Platforms.ActiveCfg = Release|x64
		{E8100BB4-E5F1-47D0-A4FD-4A8C70503D9F}.Release|Mixed Platforms.Build.0 = Release|x64
		{E8100BB4-E5F1-47D0-A4FD-4A8C70503D9F}.Release|Win32.ActiveCfg = Release|Win32
		{E8100BB4-E5F1-47D0-A4FD-4A8C70503D9F}.Release|Win32.Build.0 = Release|Win32
		{E8100BB4-E5F1-47D0-A4FD-4A8C70503D9F}.Release|x64.ActiveCfg = Release|x64
		{E8100BB4-E5F1-47D0-A4FD-4A8C70503D9F}.Release|x64.Build.0 = Release|x64
		{E8100BB4-E5F1-47D0-A4FD-4A8C70503D9F}.Release|x86.ActiveCfg = Release|x64
		{FF820379-B8A9-4604-81E8-A6022E519F41}.Debug|Any CPU.ActiveCfg = Debug
		{FF820379-B8A9-4604-81E8-A6022E519F41}.Debug|Any CPU.Build.0 = Debug
		{FF820379-B8A9-4604-81E8-A6022E519F41}.Debug|Mixed Platforms.ActiveCfg = Debug
		{FF820379-B8A9-4604-81E8-A6022E519F41}.Debug|Mixed Platforms.Build.0 = Debug
		{FF820379-B8A9-4604-81E8-A6022E519F41}.Debug|Win32.ActiveCfg = Debug
		{FF820379-B8A9-4604-81E8-A6022E519F41}.Debug|x64.ActiveCfg = Debug
		{FF820379-B8A9-4604-81E8-A6022E519F41}.Debug|x86.ActiveCfg = Debug
		{FF820379-B8A9-4604-81E8-A6022E519F41}.Debug|x86.Build.0 = Debug
		{FF820379-B8A9-4604-81E8-A6022E519F41}.Release English|Any CPU.ActiveCfg = Release English
		{FF820379-B8A9-4604-81E8-A6022E519F41}.Release English|Any CPU.Build.0 = Release English
		{FF820379-B8A9-4604-81E8-A6022E519F41}.Release English|Mixed Platforms.ActiveCfg = Release English
		{FF820379-B8A9-4604-81E8-A6022E519F41}.Release English|Mixed Platforms.Build.0 = Release English
		{FF820379-B8A9-4604-81E8-A6022E519F41}.Release English|Win32.ActiveCfg = Release English
		{FF820379-B8A9-4604-81E8-A6022E519F41}.Release English|x64.ActiveCfg = Release English
		{FF820379-B8A9-4604-81E8-A6022E519F41}.Release English|x86.ActiveCfg = Release English
		{FF820379-B8A9-4604-81E8-A6022E519F41}.Release English|x86.Build.0 = Release English
		{FF820379-B8A9-4604-81E8-A6022E519F41}.Release German|Any CPU.ActiveCfg = Release English
		{FF820379-B8A9-4604-81E8-A6022E519F41}.Release German|Any CPU.Build.0 = Release English
		{FF820379-B8A9-4604-81E8-A6022E519F41}.Release German|Mixed Platforms.ActiveCfg = Release English
		{FF820379-B8A9-4604-81E8-A6022E519F41}.Release German|Mixed Platforms.Build.0 = Release English
		{FF820379-B8A9-4604-81E8-A6022E519F41}.Release German|Win32.ActiveCfg = Release
		{FF820379-B8A9-4604-81E8-A6022E519F41}.Release German|x64.ActiveCfg = Release
		{FF820379-B8A9-4604-81E8-A6022E519F41}.Release German|x86.ActiveCfg = Release English
		{FF820379-B8A9-4604-81E8-A6022E519F41}.Release German|x86.Build.0 = Release English
		{FF820379-B8A9-4604-81E8-A6022E519F41}.Release|Any CPU.ActiveCfg = Release English
		{FF820379-B8A9-4604-81E8-A6022E519F41}.Release|Any CPU.Build.0 = Release English
		{FF820379-B8A9-4604-81E8-A6022E519F41}.Release|Mixed Platforms.ActiveCfg = Release English
		{FF820379-B8A9-4604-81E8-A6022E519F41}.Release|Mixed Platforms.Build.0 = Release English
		{FF820379-B8A9-4604-81E8-A6022E519F41}.Release|Win32.ActiveCfg = Release English
		{FF820379-B8A9-4604-81E8-A6022E519F41}.Release|Win32.Build.0 = Release English
		{FF820379-B8A9-4604-81E8-A6022E519F41}.Release|x64.ActiveCfg = Release English
		{FF820379-B8A9-4604-81E8-A6022E519F41}.Release|x64.Build.0 = Release English
		{FF820379-B8A9-4604-81E8-A6022E519F41}.Release|x86.ActiveCfg = Release English
		{FF820379-B8A9-4604-81E8-A6022E519F41}.Release|x86.Build.0 = Release English
		{BE441CC2-E0F6-4000-92EE-3ABC46BB9C6B}.Debug|Any CPU.ActiveCfg = Debug|x64
		{BE441CC2-E0F6-4000-92EE-3ABC46BB9C6B}.Debug|Mixed Platforms.ActiveCfg = Debug|x64
		{BE441CC2-E0F6-4000-92EE-3ABC46BB9C6B}.Debug|Mixed Platforms.Build.0 = Debug|x64
		{BE441CC2-E0F6-4000-92EE-3ABC46BB9C6B}.Debug|Win32.ActiveCfg = Debug|Win32
		{BE441CC2-E0F6-4000-92EE-3ABC46BB9C6B}.Debug|Win32.Build.0 = Debug|Win32
		{BE441CC2-E0F6-4000-92EE-3ABC46BB9C6B}.Debug|x64.ActiveCfg = Debug|x64
		{BE441CC2-E0F6-4000-92EE-3ABC46BB9C6B}.Debug|x64.Build.0 = Debug|x64
		{BE441CC2-E0F6-4000-92EE-3ABC46BB9C6B}.Debug|x86.ActiveCfg = Debug|x64
		{BE441CC2-E0F6-4000-92EE-3ABC46BB9C6B}.Release English|Any CPU.ActiveCfg = Release English|x64
		{BE441CC2-E0F6-4000-92EE-3ABC46BB9C6B}.Release English|Mixed Platforms.ActiveCfg = Release English|x64
		{BE441CC2-E0F6-4000-92EE-3ABC46BB9C6B}.Release English|Mixed Platforms.Build.0 = Release English|x64
		{BE441CC2-E0F6-4000-92EE-3ABC46BB9C6B}.Release English|Win32.ActiveCfg = Release English|Win32
		{BE441CC2-E0F6-4000-92EE-3ABC46BB9C6B}.Release English|Win32.Build.0 = Release English|Win32
		{BE441CC2-E0F6-4000-92EE-3ABC46BB9C6B}.Release English|x64.ActiveCfg = Release English|x64
		{BE441CC2-E0F6-4000-92EE-3ABC46BB9C6B}.Release English|x64.Build.0 = Release English|x64
		{BE441CC2-E0F6-4000-92EE-3ABC46BB9C6B}.Release English|x86.ActiveCfg = Release English|x64
		{BE441CC2-E0F6-4000-92EE-3ABC46BB9C6B}.Release German|Any CPU.ActiveCfg = Release English|x64
		{BE441CC2-E0F6-4000-92EE-3ABC46BB9C6B}.Release German|Mixed Platforms.ActiveCfg = Release English|x64
		{BE441CC2-E0F6-4000-92EE-3ABC46BB9C6B}.Release German|Mixed Platforms.Build.0 = Release English|x64
		{BE441CC2-E0F6-4000-92EE-3ABC46BB9C6B}.Release German|Win32.ActiveCfg = Release English|x64
		{BE441CC2-E0F6-4000-92EE-3ABC46BB9C6B}.Release German|x64.ActiveCfg = Release English|x64
		{BE441CC2-E0F6-4000-92EE-3ABC46BB9C6B}.Release German|x64.Build.0 = Release English|x64
		{BE441CC2-E0F6-4000-92EE-3ABC46BB9C6B}.Release German|x86.ActiveCfg = Release English|x64
		{BE441CC2-E0F6-4000-92EE-3ABC46BB9C6B}.Release|Any CPU.ActiveCfg = Release|x64
		{BE441CC2-E0F6-4000-92EE-3ABC46BB9C6B}.Release|Mixed Platforms.ActiveCfg = Release|x64
		{BE441CC2-E0F6-4000-92EE-3ABC46BB9C6B}.Release|Mixed Platforms.Build.0 = Release|x64
		{BE441CC2-E0F6-4000-92EE-3ABC46BB9C6B}.Release|Win32.ActiveCfg = Release|Win32
		{BE441CC2-E0F6-4000-92EE-3ABC46BB9C6B}.Release|Win32.Build.0 = Release|Win32
		{BE441CC2-E0F6-4000-92EE-3ABC46BB9C6B}.Release|x64.ActiveCfg = Release|x64
		{BE441CC2-E0F6-4000-92EE-3ABC46BB9C6B}.Release|x64.Build.0 = Release|x64
		{BE441CC2-E0F6-4000-92EE-3ABC46BB9C6B}.Release|x86.ActiveCfg = Release|x64
		{6E3A1DAA-7EBF-4EA6-A73D-36C68989B699}.Debug|Any CPU.ActiveCfg = Debug|x64
		{6E3A1DAA-7EBF-4EA6-A73D-36C68989B699}.Debug|Mixed Platforms.ActiveCfg = Debug|x64
		{6E3A1DAA-7EBF-4EA6-A73D-36C68989B699}.Debug|Mixed Platforms.Build.0 = Debug|x64
		{6E3A1DAA-7EBF-4EA6-A73D-36C68989B699}.Debug|Win32.ActiveCfg = Debug|x64
		{6E3A1DAA-7EBF-4EA6-A73D-36C68989B699}.Debug|x64.ActiveCfg = Debug|x64
		{6E3A1DAA-7EBF-4EA6-A73D-36C68989B699}.Debug|x64.Build.0 = Debug|x64
		{6E3A1DAA-7EBF-4EA6-A73D-36C68989B699}.Debug|x86.ActiveCfg = Debug|x86
		{6E3A1DAA-7EBF-4EA6-A73D-36C68989B699}.Debug|x86.Build.0 = Debug|x86
		{6E3A1DAA-7EBF-4EA6-A73D-36C68989B699}.Release English|Any CPU.ActiveCfg = Release|x64
		{6E3A1DAA-7EBF-4EA6-A73D-36C68989B699}.Release English|Mixed Platforms.ActiveCfg = Release|x64
		{6E3A1DAA-7EBF-4EA6-A73D-36C68989B699}.Release English|Mixed Platforms.Build.0 = Release|x64
		{6E3A1DAA-7EBF-4EA6-A73D-36C68989B699}.Release English|Win32.ActiveCfg = Release|x64
		{6E3A1DAA-7EBF-4EA6-A73D-36C68989B699}.Release English|x64.ActiveCfg = Release|x64
		{6E3A1DAA-7EBF-4EA6-A73D-36C68989B699}.Release English|x64.Build.0 = Release|x64
		{6E3A1DAA-7EBF-4EA6-A73D-36C68989B699}.Release English|x86.ActiveCfg = Release|x64
		{6E3A1DAA-7EBF-4EA6-A73D-36C68989B699}.Release German|Any CPU.ActiveCfg = Release|x64
		{6E3A1DAA-7EBF-4EA6-A73D-36C68989B699}.Release German|Mixed Platforms.ActiveCfg = Release|x64
		{6E3A1DAA-7EBF-4EA6-A73D-36C68989B699}.Release German|Mixed Platforms.Build.0 = Release|x64
		{6E3A1DAA-7EBF-4EA6-A73D-36C68989B699}.Release German|Win32.ActiveCfg = Release|x64
		{6E3A1DAA-7EBF-4EA6-A73D-36C68989B699}.Release German|x64.ActiveCfg = Release|x64
		{6E3A1DAA-7EBF-4EA6-A73D-36C68989B699}.Release German|x64.Build.0 = Release|x64
		{6E3A1DAA-7EBF-4EA6-A73D-36C68989B699}.Release German|x86.ActiveCfg = Release|x64
		{6E3A1DAA-7EBF-4EA6-A73D-36C68989B699}.Release|Any CPU.ActiveCfg = Release|x64
		{6E3A1DAA-7EBF-4EA6-A73D-36C68989B699}.Release|Mixed Platforms.ActiveCfg = Release|x64
		{6E3A1DAA-7EBF-4EA6-A73D-36C68989B699}.Release|Mixed Platforms.Build.0 = Release|x64
		{6E3A1DAA-7EBF-4EA6-A73D-36C68989B699}.Release|Win32.ActiveCfg = Release|x64
		{6E3A1DAA-7EBF-4EA6-A73D-36C68989B699}.Release|x64.ActiveCfg = Release|x64
		{6E3A1DAA-7EBF-4EA6-A73D-36C68989B699}.Release|x64.Build.0 = Release|x64
		{6E3A1DAA-7EBF-4EA6-A73D-36C68989B699}.Release|x86.ActiveCfg = Release|x86
		{6E3A1DAA-7EBF-4EA6-A73D-36C68989B699}.Release|x86.Build.0 = Release|x86
		{CF5D9B82-3B27-4E6E-8E19-440A023B65C2}.Debug|Any CPU.ActiveCfg = Debug|Any CPU
		{CF5D9B82-3B27-4E6E-8E19-440A023B65C2}.Debug|Any CPU.Build.0 = Debug|Any CPU
		{CF5D9B82-3B27-4E6E-8E19-440A023B65C2}.Debug|Mixed Platforms.ActiveCfg = Debug|Any CPU
		{CF5D9B82-3B27-4E6E-8E19-440A023B65C2}.Debug|Mixed Platforms.Build.0 = Debug|Any CPU
		{CF5D9B82-3B27-4E6E-8E19-440A023B65C2}.Debug|Win32.ActiveCfg = Debug|Any CPU
		{CF5D9B82-3B27-4E6E-8E19-440A023B65C2}.Debug|x64.ActiveCfg = Debug|Any CPU
		{CF5D9B82-3B27-4E6E-8E19-440A023B65C2}.Debug|x86.ActiveCfg = Debug|Any CPU
		{CF5D9B82-3B27-4E6E-8E19-440A023B65C2}.Release English|Any CPU.ActiveCfg = Release|Any CPU
		{CF5D9B82-3B27-4E6E-8E19-440A023B65C2}.Release English|Any CPU.Build.0 = Release|Any CPU
		{CF5D9B82-3B27-4E6E-8E19-440A023B65C2}.Release English|Mixed Platforms.ActiveCfg = Release|Any CPU
		{CF5D9B82-3B27-4E6E-8E19-440A023B65C2}.Release English|Mixed Platforms.Build.0 = Release|Any CPU
		{CF5D9B82-3B27-4E6E-8E19-440A023B65C2}.Release English|Win32.ActiveCfg = Release|Any CPU
		{CF5D9B82-3B27-4E6E-8E19-440A023B65C2}.Release English|x64.ActiveCfg = Release|Any CPU
		{CF5D9B82-3B27-4E6E-8E19-440A023B65C2}.Release English|x86.ActiveCfg = Release|Any CPU
		{CF5D9B82-3B27-4E6E-8E19-440A023B65C2}.Release German|Any CPU.ActiveCfg = Release|Any CPU
		{CF5D9B82-3B27-4E6E-8E19-440A023B65C2}.Release German|Any CPU.Build.0 = Release|Any CPU
		{CF5D9B82-3B27-4E6E-8E19-440A023B65C2}.Release German|Mixed Platforms.ActiveCfg = Release|Any CPU
		{CF5D9B82-3B27-4E6E-8E19-440A023B65C2}.Release German|Mixed Platforms.Build.0 = Release|Any CPU
		{CF5D9B82-3B27-4E6E-8E19-440A023B65C2}.Release German|Win32.ActiveCfg = Release|Any CPU
		{CF5D9B82-3B27-4E6E-8E19-440A023B65C2}.Release German|x64.ActiveCfg = Release|Any CPU
		{CF5D9B82-3B27-4E6E-8E19-440A023B65C2}.Release German|x86.ActiveCfg = Release|Any CPU
		{CF5D9B82-3B27-4E6E-8E19-440A023B65C2}.Release|Any CPU.ActiveCfg = Release|Any CPU
		{CF5D9B82-3B27-4E6E-8E19-440A023B65C2}.Release|Any CPU.Build.0 = Release|Any CPU
		{CF5D9B82-3B27-4E6E-8E19-440A023B65C2}.Release|Mixed Platforms.ActiveCfg = Release|Any CPU
		{CF5D9B82-3B27-4E6E-8E19-440A023B65C2}.Release|Mixed Platforms.Build.0 = Release|Any CPU
		{CF5D9B82-3B27-4E6E-8E19-440A023B65C2}.Release|Win32.ActiveCfg = Release|Any CPU
		{CF5D9B82-3B27-4E6E-8E19-440A023B65C2}.Release|x64.ActiveCfg = Release|Any CPU
		{CF5D9B82-3B27-4E6E-8E19-440A023B65C2}.Release|x86.ActiveCfg = Release|Any CPU
		{BA19FE76-C3F5-4B25-B2C5-8854C1398BAF}.Debug|Any CPU.ActiveCfg = Debug
		{BA19FE76-C3F5-4B25-B2C5-8854C1398BAF}.Debug|Mixed Platforms.ActiveCfg = Debug
		{BA19FE76-C3F5-4B25-B2C5-8854C1398BAF}.Debug|Win32.ActiveCfg = Debug
		{BA19FE76-C3F5-4B25-B2C5-8854C1398BAF}.Debug|x64.ActiveCfg = Debug
		{BA19FE76-C3F5-4B25-B2C5-8854C1398BAF}.Debug|x86.ActiveCfg = Debug
		{BA19FE76-C3F5-4B25-B2C5-8854C1398BAF}.Release English|Any CPU.ActiveCfg = Release
		{BA19FE76-C3F5-4B25-B2C5-8854C1398BAF}.Release English|Mixed Platforms.ActiveCfg = Release
		{BA19FE76-C3F5-4B25-B2C5-8854C1398BAF}.Release English|Win32.ActiveCfg = Release
		{BA19FE76-C3F5-4B25-B2C5-8854C1398BAF}.Release English|x64.ActiveCfg = Release
		{BA19FE76-C3F5-4B25-B2C5-8854C1398BAF}.Release English|x86.ActiveCfg = Release
		{BA19FE76-C3F5-4B25-B2C5-8854C1398BAF}.Release German|Any CPU.ActiveCfg = Release
		{BA19FE76-C3F5-4B25-B2C5-8854C1398BAF}.Release German|Mixed Platforms.ActiveCfg = Release
		{BA19FE76-C3F5-4B25-B2C5-8854C1398BAF}.Release German|Win32.ActiveCfg = Release
		{BA19FE76-C3F5-4B25-B2C5-8854C1398BAF}.Release German|x64.ActiveCfg = Release
		{BA19FE76-C3F5-4B25-B2C5-8854C1398BAF}.Release German|x86.ActiveCfg = Release
		{BA19FE76-C3F5-4B25-B2C5-8854C1398BAF}.Release|Any CPU.ActiveCfg = Release
		{BA19FE76-C3F5-4B25-B2C5-8854C1398BAF}.Release|Mixed Platforms.ActiveCfg = Release
		{BA19FE76-C3F5-4B25-B2C5-8854C1398BAF}.Release|Win32.ActiveCfg = Release
		{BA19FE76-C3F5-4B25-B2C5-8854C1398BAF}.Release|x64.ActiveCfg = Release
		{BA19FE76-C3F5-4B25-B2C5-8854C1398BAF}.Release|x86.ActiveCfg = Release
	EndGlobalSection
	GlobalSection(SolutionProperties) = preSolution
		HideSolutionNode = FALSE
	EndGlobalSection
EndGlobal
